
Microsoft Visual Studio Solution File, Format Version 12.00
# Visual Studio 15
VisualStudioVersion = 15.0.26403.7
MinimumVisualStudioVersion = 10.0.40219.1
Project("{FAE04EC0-301F-11D3-BF4B-00C04F79EFBC}") = "Common", "Common\Common.csproj", "{F99D5921-EE60-4127-BD6E-EA78B2E03E1E}"
EndProject
Project("{FAE04EC0-301F-11D3-BF4B-00C04F79EFBC}") = "A6Plugin", "A6Plugin\A6Plugin.csproj", "{44A224AC-31D6-49FB-92DD-5ABD350D3582}"
EndProject
Project("{FAE04EC0-301F-11D3-BF4B-00C04F79EFBC}") = "SelfChecker", "SelfChecker\SelfChecker.csproj", "{808CE117-CE35-46E7-9778-25D3B3B51531}"
EndProject
Project("{FAE04EC0-301F-11D3-BF4B-00C04F79EFBC}") = "F6Plugin", "F6Plugin\F6Plugin.csproj", "{75BFED6A-A4DB-440A-9ECA-19E9C5BD965F}"
EndProject
Project("{2150E333-8FDC-42A3-9474-1A3956D46DE8}") = "Plugins", "Plugins", "{AC0185E3-68DD-443B-8D4B-25F902C9A0DB}"
EndProject
Project("{FAE04EC0-301F-11D3-BF4B-00C04F79EFBC}") = "XZXPlugin", "XZXPlugin\XZXPlugin.csproj", "{9025A937-DC28-45CA-84D7-66CF6182F1B0}"
EndProject
Project("{FAE04EC0-301F-11D3-BF4B-00C04F79EFBC}") = "ZTPlugin", "ZTPlugin\ZTPlugin.csproj", "{68591896-930E-4834-B6B9-B7224011B412}"
EndProject
Project("{FAE04EC0-301F-11D3-BF4B-00C04F79EFBC}") = "HuaDa900Plugin", "HuaDa900Plugin\HuaDa900Plugin.csproj", "{6ABAD17A-C293-42A2-92E2-35DB5EB9251E}"
EndProject
Project("{FAE04EC0-301F-11D3-BF4B-00C04F79EFBC}") = "HuaDaPlugin", "HuaDaPlugin\HuaDaPlugin.csproj", "{1405A232-F5FA-4D50-806F-E74793ED1AC7}"
EndProject
Project("{FAE04EC0-301F-11D3-BF4B-00C04F79EFBC}") = "CameraPlugin", "CameraPlugin\CameraPlugin.csproj", "{B8303427-95EB-40C8-A518-794029703BF2}"
EndProject
Global
	GlobalSection(SolutionConfigurationPlatforms) = preSolution
		Debug|Any CPU = Debug|Any CPU
		Release|Any CPU = Release|Any CPU
	EndGlobalSection
	GlobalSection(ProjectConfigurationPlatforms) = postSolution
		{F99D5921-EE60-4127-BD6E-EA78B2E03E1E}.Debug|Any CPU.ActiveCfg = Debug|Any CPU
		{F99D5921-EE60-4127-BD6E-EA78B2E03E1E}.Debug|Any CPU.Build.0 = Debug|Any CPU
		{F99D5921-EE60-4127-BD6E-EA78B2E03E1E}.Release|Any CPU.ActiveCfg = Release|Any CPU
		{F99D5921-EE60-4127-BD6E-EA78B2E03E1E}.Release|Any CPU.Build.0 = Release|Any CPU
		{44A224AC-31D6-49FB-92DD-5ABD350D3582}.Debug|Any CPU.ActiveCfg = Debug|Any CPU
		{44A224AC-31D6-49FB-92DD-5ABD350D3582}.Debug|Any CPU.Build.0 = Debug|Any CPU
		{44A224AC-31D6-49FB-92DD-5ABD350D3582}.Release|Any CPU.ActiveCfg = Release|Any CPU
		{44A224AC-31D6-49FB-92DD-5ABD350D3582}.Release|Any CPU.Build.0 = Release|Any CPU
		{808CE117-CE35-46E7-9778-25D3B3B51531}.Debug|Any CPU.ActiveCfg = Debug|Any CPU
		{808CE117-CE35-46E7-9778-25D3B3B51531}.Debug|Any CPU.Build.0 = Debug|Any CPU
		{808CE117-CE35-46E7-9778-25D3B3B51531}.Release|Any CPU.ActiveCfg = Release|Any CPU
		{808CE117-CE35-46E7-9778-25D3B3B51531}.Release|Any CPU.Build.0 = Release|Any CPU
		{75BFED6A-A4DB-440A-9ECA-19E9C5BD965F}.Debug|Any CPU.ActiveCfg = Debug|Any CPU
		{75BFED6A-A4DB-440A-9ECA-19E9C5BD965F}.Debug|Any CPU.Build.0 = Debug|Any CPU
		{75BFED6A-A4DB-440A-9ECA-19E9C5BD965F}.Release|Any CPU.ActiveCfg = Release|Any CPU
		{75BFED6A-A4DB-440A-9ECA-19E9C5BD965F}.Release|Any CPU.Build.0 = Release|Any CPU
		{9025A937-DC28-45CA-84D7-66CF6182F1B0}.Debug|Any CPU.ActiveCfg = Debug|Any CPU
		{9025A937-DC28-45CA-84D7-66CF6182F1B0}.Debug|Any CPU.Build.0 = Debug|Any CPU
		{9025A937-DC28-45CA-84D7-66CF6182F1B0}.Release|Any CPU.ActiveCfg = Release|Any CPU
		{9025A937-DC28-45CA-84D7-66CF6182F1B0}.Release|Any CPU.Build.0 = Release|Any CPU
		{68591896-930E-4834-B6B9-B7224011B412}.Debug|Any CPU.ActiveCfg = Debug|Any CPU
		{68591896-930E-4834-B6B9-B7224011B412}.Debug|Any CPU.Build.0 = Debug|Any CPU
		{68591896-930E-4834-B6B9-B7224011B412}.Release|Any CPU.ActiveCfg = Release|Any CPU
		{68591896-930E-4834-B6B9-B7224011B412}.Release|Any CPU.Build.0 = Release|Any CPU
		{6ABAD17A-C293-42A2-92E2-35DB5EB9251E}.Debug|Any CPU.ActiveCfg = Debug|Any CPU
		{6ABAD17A-C293-42A2-92E2-35DB5EB9251E}.Debug|Any CPU.Build.0 = Debug|Any CPU
		{6ABAD17A-C293-42A2-92E2-35DB5EB9251E}.Release|Any CPU.ActiveCfg = Release|Any CPU
		{6ABAD17A-C293-42A2-92E2-35DB5EB9251E}.Release|Any CPU.Build.0 = Release|Any CPU
		{1405A232-F5FA-4D50-806F-E74793ED1AC7}.Debug|Any CPU.ActiveCfg = Debug|Any CPU
		{1405A232-F5FA-4D50-806F-E74793ED1AC7}.Debug|Any CPU.Build.0 = Debug|Any CPU
		{1405A232-F5FA-4D50-806F-E74793ED1AC7}.Release|Any CPU.ActiveCfg = Release|Any CPU
		{1405A232-F5FA-4D50-806F-E74793ED1AC7}.Release|Any CPU.Build.0 = Release|Any CPU
		{B8303427-95EB-40C8-A518-794029703BF2}.Debug|Any CPU.ActiveCfg = Debug|Any CPU
		{B8303427-95EB-40C8-A518-794029703BF2}.Debug|Any CPU.Build.0 = Debug|Any CPU
		{B8303427-95EB-40C8-A518-794029703BF2}.Release|Any CPU.ActiveCfg = Release|Any CPU
		{B8303427-95EB-40C8-A518-794029703BF2}.Release|Any CPU.Build.0 = Release|Any CPU
	EndGlobalSection
	GlobalSection(SolutionProperties) = preSolution
		HideSolutionNode = FALSE
	EndGlobalSection
	GlobalSection(NestedProjects) = preSolution
		{44A224AC-31D6-49FB-92DD-5ABD350D3582} = {AC0185E3-68DD-443B-8D4B-25F902C9A0DB}
		{75BFED6A-A4DB-440A-9ECA-19E9C5BD965F} = {AC0185E3-68DD-443B-8D4B-25F902C9A0DB}
		{9025A937-DC28-45CA-84D7-66CF6182F1B0} = {AC0185E3-68DD-443B-8D4B-25F902C9A0DB}
		{68591896-930E-4834-B6B9-B7224011B412} = {AC0185E3-68DD-443B-8D4B-25F902C9A0DB}
		{6ABAD17A-C293-42A2-92E2-35DB5EB9251E} = {AC0185E3-68DD-443B-8D4B-25F902C9A0DB}
		{1405A232-F5FA-4D50-806F-E74793ED1AC7} = {AC0185E3-68DD-443B-8D4B-25F902C9A0DB}
		{B8303427-95EB-40C8-A518-794029703BF2} = {AC0185E3-68DD-443B-8D4B-25F902C9A0DB}
	EndGlobalSection
EndGlobal
